// !$*UTF8*$!
{
	archiveVersion = 1;
	classes = {
	};
	objectVersion = 54;
	objects = {

/* Begin PBXBuildFile section */
		13B07FC11A68108700A75B9A /* main.m in Sources */ = {isa = PBXBuildFile; fileRef = 13B07FB71A68108700A75B9A /* main.m */; };
		3E54B2CB2D94950100C2AED5 /* AppDelegate.mm in Sources */ = {isa = PBXBuildFile; fileRef = 3E548BAD2D9494F800C2AED5 /* AppDelegate.mm */; };
		3E54B4C92D94950300C2AED5 /* RCTModulesConformingToProtocolsProvider.mm in Sources */ = {isa = PBXBuildFile; fileRef = 3E54B1402D94950100C2AED5 /* RCTModulesConformingToProtocolsProvider.mm */; };
		3E54B6462D949EE300C2AED5 /* Images.xcassets in Copy Bundle Resources */ = {isa = PBXBuildFile; fileRef = 3E548BAC2D9494F800C2AED5 /* Images.xcassets */; };
		3E54B6492D949F0000C2AED5 /* Expo.plist in Copy Bundle Resources */ = {isa = PBXBuildFile; fileRef = 3E548BAF2D9494F800C2AED5 /* Expo.plist */; };
		3E54B64A2D949F0700C2AED5 /* SplashScreen.storyboard in Copy Bundle Resources */ = {isa = PBXBuildFile; fileRef = 3E548BA72D9494F800C2AED5 /* SplashScreen.storyboard */; };
		3E54B64B2D949F0C00C2AED5 /* main.m in Copy Bundle Resources */ = {isa = PBXBuildFile; fileRef = 3E548BA92D9494F800C2AED5 /* main.m */; };
		3E54B64C2D949F1300C2AED5 /* noop-file.swift in Copy Bundle Resources */ = {isa = PBXBuildFile; fileRef = 3E548BAA2D9494F800C2AED5 /* noop-file.swift */; };
		581E24C51678455683F9192F /* noop-file.swift in Sources */ = {isa = PBXBuildFile; fileRef = 5B8ED6A119214B25B67A7402 /* noop-file.swift */; };
		B18059E884C0ABDD17F3DC3D /* ExpoModulesProvider.swift in Sources */ = {isa = PBXBuildFile; fileRef = FAC715A2D49A985799AEE119 /* ExpoModulesProvider.swift */; };
		D0CA4BABC234C345BA343322 /* libPods-quotelycodebase.a in Frameworks */ = {isa = PBXBuildFile; fileRef = 6988706CD57EA46E1B7D37F9 /* libPods-quotelycodebase.a */; };
		D83558C8F74DD32ECCFEF631 /* PrivacyInfo.xcprivacy in Resources */ = {isa = PBXBuildFile; fileRef = 3E548BAB2D9494F800C2AED5 /* PrivacyInfo.xcprivacy */; };
/* End PBXBuildFile section */

/* Begin PBXCopyFilesBuildPhase section */
		3E54B6432D949DE300C2AED5 /* Copy Bundle Resources */ = {
			isa = PBXCopyFilesBuildPhase;
			buildActionMask = 2147483647;
			dstPath = "";
			dstSubfolderSpec = 7;
			files = (
				3E54B64C2D949F1300C2AED5 /* noop-file.swift in Copy Bundle Resources */,
				3E54B64B2D949F0C00C2AED5 /* main.m in Copy Bundle Resources */,
				3E54B64A2D949F0700C2AED5 /* SplashScreen.storyboard in Copy Bundle Resources */,
				3E54B6492D949F0000C2AED5 /* Expo.plist in Copy Bundle Resources */,
				3E54B6462D949EE300C2AED5 /* Images.xcassets in Copy Bundle Resources */,
			);
			name = "Copy Bundle Resources";
			runOnlyForDeploymentPostprocessing = 0;
		};
/* End PBXCopyFilesBuildPhase section */

/* Begin PBXFileReference section */
		13B07F961A680F5B00A75B9A /* quotelycodebase.app */ = {isa = PBXFileReference; explicitFileType = wrapper.application; includeInIndex = 0; path = quotelycodebase.app; sourceTree = BUILT_PRODUCTS_DIR; };
		13B07FAF1A68108700A75B9A /* AppDelegate.h */ = {isa = PBXFileReference; fileEncoding = 4; lastKnownFileType = sourcecode.c.h; name = AppDelegate.h; path = quotelycodebase/AppDelegate.h; sourceTree = "<group>"; };
		13B07FB01A68108700A75B9A /* AppDelegate.mm */ = {isa = PBXFileReference; fileEncoding = 4; lastKnownFileType = sourcecode.cpp.objcpp; name = AppDelegate.mm; path = quotelycodebase/AppDelegate.mm; sourceTree = "<group>"; };
		13B07FB51A68108700A75B9A /* Images.xcassets */ = {isa = PBXFileReference; lastKnownFileType = folder.assetcatalog; name = Images.xcassets; path = quotelycodebase/Images.xcassets; sourceTree = "<group>"; };
		13B07FB61A68108700A75B9A /* Info.plist */ = {isa = PBXFileReference; fileEncoding = 4; lastKnownFileType = text.plist.xml; name = Info.plist; path = quotelycodebase/Info.plist; sourceTree = "<group>"; };
		13B07FB71A68108700A75B9A /* main.m */ = {isa = PBXFileReference; fileEncoding = 4; lastKnownFileType = sourcecode.c.objc; name = main.m; path = quotelycodebase/main.m; sourceTree = "<group>"; };
		3E548BA62D9494F800C2AED5 /* AppDelegate.h */ = {isa = PBXFileReference; fileEncoding = 4; lastKnownFileType = sourcecode.c.h; path = AppDelegate.h; sourceTree = "<group>"; };
		3E548BA72D9494F800C2AED5 /* SplashScreen.storyboard */ = {isa = PBXFileReference; fileEncoding = 4; lastKnownFileType = file.storyboard; path = SplashScreen.storyboard; sourceTree = "<group>"; };
		3E548BA82D9494F800C2AED5 /* quotelycodebase-Bridging-Header.h */ = {isa = PBXFileReference; fileEncoding = 4; lastKnownFileType = sourcecode.c.h; path = "quotelycodebase-Bridging-Header.h"; sourceTree = "<group>"; };
		3E548BA92D9494F800C2AED5 /* main.m */ = {isa = PBXFileReference; fileEncoding = 4; lastKnownFileType = sourcecode.c.objc; path = main.m; sourceTree = "<group>"; };
		3E548BAA2D9494F800C2AED5 /* noop-file.swift */ = {isa = PBXFileReference; fileEncoding = 4; lastKnownFileType = sourcecode.swift; path = "noop-file.swift"; sourceTree = "<group>"; };
		3E548BAB2D9494F800C2AED5 /* PrivacyInfo.xcprivacy */ = {isa = PBXFileReference; fileEncoding = 4; lastKnownFileType = text.xml; path = PrivacyInfo.xcprivacy; sourceTree = "<group>"; };
		3E548BAC2D9494F800C2AED5 /* Images.xcassets */ = {isa = PBXFileReference; lastKnownFileType = folder.assetcatalog; path = Images.xcassets; sourceTree = "<group>"; };
		3E548BAD2D9494F800C2AED5 /* AppDelegate.mm */ = {isa = PBXFileReference; fileEncoding = 4; lastKnownFileType = sourcecode.cpp.objcpp; path = AppDelegate.mm; sourceTree = "<group>"; };
		3E548BAF2D9494F800C2AED5 /* Expo.plist */ = {isa = PBXFileReference; fileEncoding = 4; lastKnownFileType = text.plist.xml; path = Expo.plist; sourceTree = "<group>"; };
		3E548BB02D9494F800C2AED5 /* Info.plist */ = {isa = PBXFileReference; fileEncoding = 4; lastKnownFileType = text.plist.xml; path = Info.plist; sourceTree = "<group>"; };
		3E548BB12D9494F800C2AED5 /* .xcode.env.local */ = {isa = PBXFileReference; fileEncoding = 4; lastKnownFileType = text; path = .xcode.env.local; sourceTree = "<group>"; };
		3E548BB22D9494F800C2AED5 /* Podfile.properties.json */ = {isa = PBXFileReference; fileEncoding = 4; lastKnownFileType = text.json; path = Podfile.properties.json; sourceTree = "<group>"; };
		3E548BB32D9494F800C2AED5 /* quotelycodebase.xcworkspace */ = {isa = PBXFileReference; lastKnownFileType = wrapper.workspace; path = quotelycodebase.xcworkspace; sourceTree = "<group>"; };
		3E548BB42D9494F800C2AED5 /* .xcode.env */ = {isa = PBXFileReference; fileEncoding = 4; lastKnownFileType = text; path = .xcode.env; sourceTree = "<group>"; };
		3E54B12F2D94950000C2AED5 /* .gitignore */ = {isa = PBXFileReference; fileEncoding = 4; lastKnownFileType = text; path = .gitignore; sourceTree = "<group>"; };
		3E54B1302D94950000C2AED5 /* link-assets-manifest.json */ = {isa = PBXFileReference; fileEncoding = 4; lastKnownFileType = text.json; path = "link-assets-manifest.json"; sourceTree = "<group>"; };
		3E54B1312D94950000C2AED5 /* quotelycodebase.xcodeproj */ = {isa = PBXFileReference; lastKnownFileType = "wrapper.pb-project"; path = quotelycodebase.xcodeproj; sourceTree = "<group>"; };
		3E54B1342D94950000C2AED5 /* Podfile */ = {isa = PBXFileReference; fileEncoding = 4; lastKnownFileType = text; path = Podfile; sourceTree = "<group>"; };
		3E54B1392D94950100C2AED5 /* safeareacontext.h */ = {isa = PBXFileReference; fileEncoding = 4; lastKnownFileType = sourcecode.c.h; path = safeareacontext.h; sourceTree = "<group>"; };
		3E54B13A2D94950100C2AED5 /* safeareacontext-generated.mm */ = {isa = PBXFileReference; fileEncoding = 4; lastKnownFileType = sourcecode.cpp.objcpp; path = "safeareacontext-generated.mm"; sourceTree = "<group>"; };
		3E54B1402D94950100C2AED5 /* RCTModulesConformingToProtocolsProvider.mm */ = {isa = PBXFileReference; fileEncoding = 4; lastKnownFileType = sourcecode.cpp.objcpp; path = RCTModulesConformingToProtocolsProvider.mm; sourceTree = "<group>"; };
		3E54B1452D94950100C2AED5 /* expo-media-library.h */ = {isa = PBXFileReference; fileEncoding = 4; lastKnownFileType = sourcecode.c.h; path = "expo-media-library.h"; sourceTree = "<group>"; };
		3E54B1462D94950100C2AED5 /* expo-media-library-generated.mm */ = {isa = PBXFileReference; fileEncoding = 4; lastKnownFileType = sourcecode.cpp.objcpp; path = "expo-media-library-generated.mm"; sourceTree = "<group>"; };
		3E54B1472D94950100C2AED5 /* RNGoogleMobileAdsSpecJSI.h */ = {isa = PBXFileReference; fileEncoding = 4; lastKnownFileType = sourcecode.c.h; path = RNGoogleMobileAdsSpecJSI.h; sourceTree = "<group>"; };
		3E54B1482D94950100C2AED5 /* safeareacontextJSI-generated.cpp */ = {isa = PBXFileReference; fileEncoding = 4; lastKnownFileType = sourcecode.cpp.cpp; path = "safeareacontextJSI-generated.cpp"; sourceTree = "<group>"; };
		3E54B1492D94950100C2AED5 /* safeareacontextJSI.h */ = {isa = PBXFileReference; fileEncoding = 4; lastKnownFileType = sourcecode.c.h; path = safeareacontextJSI.h; sourceTree = "<group>"; };
		3E54B14B2D94950100C2AED5 /* rnasyncstorage.h */ = {isa = PBXFileReference; fileEncoding = 4; lastKnownFileType = sourcecode.c.h; path = rnasyncstorage.h; sourceTree = "<group>"; };
		3E54B14C2D94950100C2AED5 /* rnasyncstorage-generated.mm */ = {isa = PBXFileReference; fileEncoding = 4; lastKnownFileType = sourcecode.cpp.objcpp; path = "rnasyncstorage-generated.mm"; sourceTree = "<group>"; };
		3E54B14D2D94950100C2AED5 /* expo-media-libraryJSI.h */ = {isa = PBXFileReference; fileEncoding = 4; lastKnownFileType = sourcecode.c.h; path = "expo-media-libraryJSI.h"; sourceTree = "<group>"; };
		3E54B14F2D94950100C2AED5 /* RNGoogleMobileAdsSpec-generated.mm */ = {isa = PBXFileReference; fileEncoding = 4; lastKnownFileType = sourcecode.cpp.objcpp; path = "RNGoogleMobileAdsSpec-generated.mm"; sourceTree = "<group>"; };
		3E54B1502D94950100C2AED5 /* RNGoogleMobileAdsSpec.h */ = {isa = PBXFileReference; fileEncoding = 4; lastKnownFileType = sourcecode.c.h; path = RNGoogleMobileAdsSpec.h; sourceTree = "<group>"; };
		3E54B1512D94950100C2AED5 /* rnscreensJSI.h */ = {isa = PBXFileReference; fileEncoding = 4; lastKnownFileType = sourcecode.c.h; path = rnscreensJSI.h; sourceTree = "<group>"; };
		3E54B1522D94950100C2AED5 /* rnviewshotJSI-generated.cpp */ = {isa = PBXFileReference; fileEncoding = 4; lastKnownFileType = sourcecode.cpp.cpp; path = "rnviewshotJSI-generated.cpp"; sourceTree = "<group>"; };
		3E54B1532D94950100C2AED5 /* rnasyncstorageJSI.h */ = {isa = PBXFileReference; fileEncoding = 4; lastKnownFileType = sourcecode.c.h; path = rnasyncstorageJSI.h; sourceTree = "<group>"; };
		3E54B1552D94950100C2AED5 /* RNGoogleMobileAdsSpecJSI-generated.cpp */ = {isa = PBXFileReference; fileEncoding = 4; lastKnownFileType = sourcecode.cpp.cpp; path = "RNGoogleMobileAdsSpecJSI-generated.cpp"; sourceTree = "<group>"; };
		3E54B1562D94950100C2AED5 /* expo-media-libraryJSI-generated.cpp */ = {isa = PBXFileReference; fileEncoding = 4; lastKnownFileType = sourcecode.cpp.cpp; path = "expo-media-libraryJSI-generated.cpp"; sourceTree = "<group>"; };
		3E54B1582D94950100C2AED5 /* FBReactNativeSpec.h */ = {isa = PBXFileReference; fileEncoding = 4; lastKnownFileType = sourcecode.c.h; path = FBReactNativeSpec.h; sourceTree = "<group>"; };
		3E54B1592D94950100C2AED5 /* FBReactNativeSpec-generated.mm */ = {isa = PBXFileReference; fileEncoding = 4; lastKnownFileType = sourcecode.cpp.objcpp; path = "FBReactNativeSpec-generated.mm"; sourceTree = "<group>"; };
		3E54B15A2D94950100C2AED5 /* rnviewshotJSI.h */ = {isa = PBXFileReference; fileEncoding = 4; lastKnownFileType = sourcecode.c.h; path = rnviewshotJSI.h; sourceTree = "<group>"; };
		3E54B15B2D94950100C2AED5 /* rnscreensJSI-generated.cpp */ = {isa = PBXFileReference; fileEncoding = 4; lastKnownFileType = sourcecode.cpp.cpp; path = "rnscreensJSI-generated.cpp"; sourceTree = "<group>"; };
		3E54B15C2D94950100C2AED5 /* FBReactNativeSpecJSI.h */ = {isa = PBXFileReference; fileEncoding = 4; lastKnownFileType = sourcecode.c.h; path = FBReactNativeSpecJSI.h; sourceTree = "<group>"; };
		3E54B15D2D94950100C2AED5 /* ReactCodegen.podspec.json */ = {isa = PBXFileReference; fileEncoding = 4; lastKnownFileType = text.json; path = ReactCodegen.podspec.json; sourceTree = "<group>"; };
		3E54B15F2D94950100C2AED5 /* rnscreens-generated.mm */ = {isa = PBXFileReference; fileEncoding = 4; lastKnownFileType = sourcecode.cpp.objcpp; path = "rnscreens-generated.mm"; sourceTree = "<group>"; };
		3E54B1602D94950100C2AED5 /* rnscreens.h */ = {isa = PBXFileReference; fileEncoding = 4; lastKnownFileType = sourcecode.c.h; path = rnscreens.h; sourceTree = "<group>"; };
		3E54B1622D94950100C2AED5 /* FBReactNativeSpecJSI-generated.cpp */ = {isa = PBXFileReference; fileEncoding = 4; lastKnownFileType = sourcecode.cpp.cpp; path = "FBReactNativeSpecJSI-generated.cpp"; sourceTree = "<group>"; };
		3E54B1642D94950100C2AED5 /* rnviewshot-generated.mm */ = {isa = PBXFileReference; fileEncoding = 4; lastKnownFileType = sourcecode.cpp.objcpp; path = "rnviewshot-generated.mm"; sourceTree = "<group>"; };
		3E54B1652D94950100C2AED5 /* rnviewshot.h */ = {isa = PBXFileReference; fileEncoding = 4; lastKnownFileType = sourcecode.c.h; path = rnviewshot.h; sourceTree = "<group>"; };
		3E54B1662D94950100C2AED5 /* RCTModulesConformingToProtocolsProvider.h */ = {isa = PBXFileReference; fileEncoding = 4; lastKnownFileType = sourcecode.c.h; path = RCTModulesConformingToProtocolsProvider.h; sourceTree = "<group>"; };
		3E54B1672D94950100C2AED5 /* rnasyncstorageJSI-generated.cpp */ = {isa = PBXFileReference; fileEncoding = 4; lastKnownFileType = sourcecode.cpp.cpp; path = "rnasyncstorageJSI-generated.cpp"; sourceTree = "<group>"; };
		3E54B16C2D94950100C2AED5 /* ShadowNodes.cpp */ = {isa = PBXFileReference; fileEncoding = 4; lastKnownFileType = sourcecode.cpp.cpp; path = ShadowNodes.cpp; sourceTree = "<group>"; };
		3E54B16D2D94950100C2AED5 /* Props.h */ = {isa = PBXFileReference; fileEncoding = 4; lastKnownFileType = sourcecode.c.h; path = Props.h; sourceTree = "<group>"; };
		3E54B16E2D94950100C2AED5 /* Props.cpp */ = {isa = PBXFileReference; fileEncoding = 4; lastKnownFileType = sourcecode.cpp.cpp; path = Props.cpp; sourceTree = "<group>"; };
		3E54B16F2D94950100C2AED5 /* ComponentDescriptors.h */ = {isa = PBXFileReference; fileEncoding = 4; lastKnownFileType = sourcecode.c.h; path = ComponentDescriptors.h; sourceTree = "<group>"; };
		3E54B1702D94950100C2AED5 /* ComponentDescriptors.cpp */ = {isa = PBXFileReference; fileEncoding = 4; lastKnownFileType = sourcecode.cpp.cpp; path = ComponentDescriptors.cpp; sourceTree = "<group>"; };
		3E54B1712D94950100C2AED5 /* ShadowNodes.h */ = {isa = PBXFileReference; fileEncoding = 4; lastKnownFileType = sourcecode.c.h; path = ShadowNodes.h; sourceTree = "<group>"; };
		3E54B1722D94950100C2AED5 /* EventEmitters.h */ = {isa = PBXFileReference; fileEncoding = 4; lastKnownFileType = sourcecode.c.h; path = EventEmitters.h; sourceTree = "<group>"; };
		3E54B1732D94950100C2AED5 /* States.h */ = {isa = PBXFileReference; fileEncoding = 4; lastKnownFileType = sourcecode.c.h; path = States.h; sourceTree = "<group>"; };
		3E54B1742D94950100C2AED5 /* EventEmitters.cpp */ = {isa = PBXFileReference; fileEncoding = 4; lastKnownFileType = sourcecode.cpp.cpp; path = EventEmitters.cpp; sourceTree = "<group>"; };
		3E54B1752D94950100C2AED5 /* States.cpp */ = {isa = PBXFileReference; fileEncoding = 4; lastKnownFileType = sourcecode.cpp.cpp; path = States.cpp; sourceTree = "<group>"; };
		3E54B1762D94950100C2AED5 /* RCTComponentViewHelpers.h */ = {isa = PBXFileReference; fileEncoding = 4; lastKnownFileType = sourcecode.c.h; path = RCTComponentViewHelpers.h; sourceTree = "<group>"; };
		3E54B1782D94950100C2AED5 /* ShadowNodes.cpp */ = {isa = PBXFileReference; fileEncoding = 4; lastKnownFileType = sourcecode.cpp.cpp; path = ShadowNodes.cpp; sourceTree = "<group>"; };
		3E54B1792D94950100C2AED5 /* Props.h */ = {isa = PBXFileReference; fileEncoding = 4; lastKnownFileType = sourcecode.c.h; path = Props.h; sourceTree = "<group>"; };
		3E54B17A2D94950100C2AED5 /* Props.cpp */ = {isa = PBXFileReference; fileEncoding = 4; lastKnownFileType = sourcecode.cpp.cpp; path = Props.cpp; sourceTree = "<group>"; };
		3E54B17B2D94950100C2AED5 /* ComponentDescriptors.h */ = {isa = PBXFileReference; fileEncoding = 4; lastKnownFileType = sourcecode.c.h; path = ComponentDescriptors.h; sourceTree = "<group>"; };
		3E54B17C2D94950100C2AED5 /* ComponentDescriptors.cpp */ = {isa = PBXFileReference; fileEncoding = 4; lastKnownFileType = sourcecode.cpp.cpp; path = ComponentDescriptors.cpp; sourceTree = "<group>"; };
		3E54B17D2D94950100C2AED5 /* ShadowNodes.h */ = {isa = PBXFileReference; fileEncoding = 4; lastKnownFileType = sourcecode.c.h; path = ShadowNodes.h; sourceTree = "<group>"; };
		3E54B17E2D94950100C2AED5 /* EventEmitters.h */ = {isa = PBXFileReference; fileEncoding = 4; lastKnownFileType = sourcecode.c.h; path = EventEmitters.h; sourceTree = "<group>"; };
		3E54B17F2D94950100C2AED5 /* States.h */ = {isa = PBXFileReference; fileEncoding = 4; lastKnownFileType = sourcecode.c.h; path = States.h; sourceTree = "<group>"; };
		3E54B1802D94950100C2AED5 /* EventEmitters.cpp */ = {isa = PBXFileReference; fileEncoding = 4; lastKnownFileType = sourcecode.cpp.cpp; path = EventEmitters.cpp; sourceTree = "<group>"; };
		3E54B1812D94950100C2AED5 /* States.cpp */ = {isa = PBXFileReference; fileEncoding = 4; lastKnownFileType = sourcecode.cpp.cpp; path = States.cpp; sourceTree = "<group>"; };
		3E54B1822D94950100C2AED5 /* RCTComponentViewHelpers.h */ = {isa = PBXFileReference; fileEncoding = 4; lastKnownFileType = sourcecode.c.h; path = RCTComponentViewHelpers.h; sourceTree = "<group>"; };
		3E54B1842D94950100C2AED5 /* ShadowNodes.cpp */ = {isa = PBXFileReference; fileEncoding = 4; lastKnownFileType = sourcecode.cpp.cpp; path = ShadowNodes.cpp; sourceTree = "<group>"; };
		3E54B1852D94950100C2AED5 /* Props.h */ = {isa = PBXFileReference; fileEncoding = 4; lastKnownFileType = sourcecode.c.h; path = Props.h; sourceTree = "<group>"; };
		3E54B1862D94950100C2AED5 /* Props.cpp */ = {isa = PBXFileReference; fileEncoding = 4; lastKnownFileType = sourcecode.cpp.cpp; path = Props.cpp; sourceTree = "<group>"; };
		3E54B1872D94950100C2AED5 /* ComponentDescriptors.h */ = {isa = PBXFileReference; fileEncoding = 4; lastKnownFileType = sourcecode.c.h; path = ComponentDescriptors.h; sourceTree = "<group>"; };
		3E54B1882D94950100C2AED5 /* ComponentDescriptors.cpp */ = {isa = PBXFileReference; fileEncoding = 4; lastKnownFileType = sourcecode.cpp.cpp; path = ComponentDescriptors.cpp; sourceTree = "<group>"; };
		3E54B1892D94950100C2AED5 /* ShadowNodes.h */ = {isa = PBXFileReference; fileEncoding = 4; lastKnownFileType = sourcecode.c.h; path = ShadowNodes.h; sourceTree = "<group>"; };
		3E54B18A2D94950100C2AED5 /* EventEmitters.h */ = {isa = PBXFileReference; fileEncoding = 4; lastKnownFileType = sourcecode.c.h; path = EventEmitters.h; sourceTree = "<group>"; };
		3E54B18B2D94950100C2AED5 /* States.h */ = {isa = PBXFileReference; fileEncoding = 4; lastKnownFileType = sourcecode.c.h; path = States.h; sourceTree = "<group>"; };
		3E54B18C2D94950100C2AED5 /* EventEmitters.cpp */ = {isa = PBXFileReference; fileEncoding = 4; lastKnownFileType = sourcecode.cpp.cpp; path = EventEmitters.cpp; sourceTree = "<group>"; };
		3E54B18D2D94950100C2AED5 /* States.cpp */ = {isa = PBXFileReference; fileEncoding = 4; lastKnownFileType = sourcecode.cpp.cpp; path = States.cpp; sourceTree = "<group>"; };
		3E54B18E2D94950100C2AED5 /* RCTComponentViewHelpers.h */ = {isa = PBXFileReference; fileEncoding = 4; lastKnownFileType = sourcecode.c.h; path = RCTComponentViewHelpers.h; sourceTree = "<group>"; };
		3E54B1902D94950100C2AED5 /* ShadowNodes.cpp */ = {isa = PBXFileReference; fileEncoding = 4; lastKnownFileType = sourcecode.cpp.cpp; path = ShadowNodes.cpp; sourceTree = "<group>"; };
		3E54B1912D94950100C2AED5 /* Props.h */ = {isa = PBXFileReference; fileEncoding = 4; lastKnownFileType = sourcecode.c.h; path = Props.h; sourceTree = "<group>"; };
		3E54B1922D94950100C2AED5 /* Props.cpp */ = {isa = PBXFileReference; fileEncoding = 4; lastKnownFileType = sourcecode.cpp.cpp; path = Props.cpp; sourceTree = "<group>"; };
		3E54B1932D94950100C2AED5 /* ComponentDescriptors.h */ = {isa = PBXFileReference; fileEncoding = 4; lastKnownFileType = sourcecode.c.h; path = ComponentDescriptors.h; sourceTree = "<group>"; };
		3E54B1942D94950100C2AED5 /* ComponentDescriptors.cpp */ = {isa = PBXFileReference; fileEncoding = 4; lastKnownFileType = sourcecode.cpp.cpp; path = ComponentDescriptors.cpp; sourceTree = "<group>"; };
		3E54B1952D94950100C2AED5 /* ShadowNodes.h */ = {isa = PBXFileReference; fileEncoding = 4; lastKnownFileType = sourcecode.c.h; path = ShadowNodes.h; sourceTree = "<group>"; };
		3E54B1962D94950100C2AED5 /* EventEmitters.h */ = {isa = PBXFileReference; fileEncoding = 4; lastKnownFileType = sourcecode.c.h; path = EventEmitters.h; sourceTree = "<group>"; };
		3E54B1972D94950100C2AED5 /* States.h */ = {isa = PBXFileReference; fileEncoding = 4; lastKnownFileType = sourcecode.c.h; path = States.h; sourceTree = "<group>"; };
		3E54B1982D94950100C2AED5 /* EventEmitters.cpp */ = {isa = PBXFileReference; fileEncoding = 4; lastKnownFileType = sourcecode.cpp.cpp; path = EventEmitters.cpp; sourceTree = "<group>"; };
		3E54B1992D94950100C2AED5 /* States.cpp */ = {isa = PBXFileReference; fileEncoding = 4; lastKnownFileType = sourcecode.cpp.cpp; path = States.cpp; sourceTree = "<group>"; };
		3E54B19A2D94950100C2AED5 /* RCTComponentViewHelpers.h */ = {isa = PBXFileReference; fileEncoding = 4; lastKnownFileType = sourcecode.c.h; path = RCTComponentViewHelpers.h; sourceTree = "<group>"; };
		3E54B19B2D94950100C2AED5 /* Podfile.lock */ = {isa = PBXFileReference; fileEncoding = 4; lastKnownFileType = text; path = Podfile.lock; sourceTree = "<group>"; };
		5B8ED6A119214B25B67A7402 /* noop-file.swift */ = {isa = PBXFileReference; explicitFileType = undefined; fileEncoding = 4; includeInIndex = 0; lastKnownFileType = sourcecode.swift; name = "noop-file.swift"; path = "quotelycodebase/noop-file.swift"; sourceTree = "<group>"; };
		6988706CD57EA46E1B7D37F9 /* libPods-quotelycodebase.a */ = {isa = PBXFileReference; explicitFileType = archive.ar; includeInIndex = 0; path = "libPods-quotelycodebase.a"; sourceTree = BUILT_PRODUCTS_DIR; };
		6C2E3173556A471DD304B334 /* Pods-quotelycodebase.debug.xcconfig */ = {isa = PBXFileReference; includeInIndex = 1; lastKnownFileType = text.xcconfig; name = "Pods-quotelycodebase.debug.xcconfig"; path = "Target Support Files/Pods-quotelycodebase/Pods-quotelycodebase.debug.xcconfig"; sourceTree = "<group>"; };
		7A4D352CD337FB3A3BF06240 /* Pods-quotelycodebase.release.xcconfig */ = {isa = PBXFileReference; includeInIndex = 1; lastKnownFileType = text.xcconfig; name = "Pods-quotelycodebase.release.xcconfig"; path = "Target Support Files/Pods-quotelycodebase/Pods-quotelycodebase.release.xcconfig"; sourceTree = "<group>"; };
		952CA9124FA7DA495A74A25F /* PrivacyInfo.xcprivacy */ = {isa = PBXFileReference; includeInIndex = 1; lastKnownFileType = text.xml; name = PrivacyInfo.xcprivacy; path = quotelycodebase/PrivacyInfo.xcprivacy; sourceTree = "<group>"; };
		AA286B85B6C04FC6940260E9 /* SplashScreen.storyboard */ = {isa = PBXFileReference; fileEncoding = 4; lastKnownFileType = file.storyboard; name = SplashScreen.storyboard; path = quotelycodebase/SplashScreen.storyboard; sourceTree = "<group>"; };
		BB2F792C24A3F905000567C9 /* Expo.plist */ = {isa = PBXFileReference; fileEncoding = 4; lastKnownFileType = text.plist.xml; path = Expo.plist; sourceTree = "<group>"; };
		C02632EE3D484F53843BBCD9 /* quotelycodebase-Bridging-Header.h */ = {isa = PBXFileReference; explicitFileType = undefined; fileEncoding = 4; includeInIndex = 0; lastKnownFileType = sourcecode.c.h; name = "quotelycodebase-Bridging-Header.h"; path = "quotelycodebase/quotelycodebase-Bridging-Header.h"; sourceTree = "<group>"; };
		ED297162215061F000B7C4FE /* JavaScriptCore.framework */ = {isa = PBXFileReference; lastKnownFileType = wrapper.framework; name = JavaScriptCore.framework; path = System/Library/Frameworks/JavaScriptCore.framework; sourceTree = SDKROOT; };
		FAC715A2D49A985799AEE119 /* ExpoModulesProvider.swift */ = {isa = PBXFileReference; includeInIndex = 1; lastKnownFileType = sourcecode.swift; name = ExpoModulesProvider.swift; path = "Pods/Target Support Files/Pods-quotelycodebase/ExpoModulesProvider.swift"; sourceTree = "<group>"; };
/* End PBXFileReference section */

/* Begin PBXFrameworksBuildPhase section */
		13B07F8C1A680F5B00A75B9A /* Frameworks */ = {
			isa = PBXFrameworksBuildPhase;
			buildActionMask = 2147483647;
			files = (
				D0CA4BABC234C345BA343322 /* libPods-quotelycodebase.a in Frameworks */,
			);
			runOnlyForDeploymentPostprocessing = 0;
		};
/* End PBXFrameworksBuildPhase section */

/* Begin PBXGroup section */
		13B07FAE1A68108700A75B9A /* quotelycodebase */ = {
			isa = PBXGroup;
			children = (
				BB2F792B24A3F905000567C9 /* Supporting */,
				13B07FAF1A68108700A75B9A /* AppDelegate.h */,
				13B07FB01A68108700A75B9A /* AppDelegate.mm */,
				13B07FB51A68108700A75B9A /* Images.xcassets */,
				13B07FB61A68108700A75B9A /* Info.plist */,
				13B07FB71A68108700A75B9A /* main.m */,
				AA286B85B6C04FC6940260E9 /* SplashScreen.storyboard */,
				5B8ED6A119214B25B67A7402 /* noop-file.swift */,
				C02632EE3D484F53843BBCD9 /* quotelycodebase-Bridging-Header.h */,
				952CA9124FA7DA495A74A25F /* PrivacyInfo.xcprivacy */,
			);
			name = quotelycodebase;
			sourceTree = "<group>";
		};
		2D16E6871FA4F8E400B85C8A /* Frameworks */ = {
			isa = PBXGroup;
			children = (
				ED297162215061F000B7C4FE /* JavaScriptCore.framework */,
				6988706CD57EA46E1B7D37F9 /* libPods-quotelycodebase.a */,
			);
			name = Frameworks;
			sourceTree = "<group>";
		};
		3E548BA42D9494F800C2AED5 /* ios */ = {
			isa = PBXGroup;
			children = (
				3E548BA52D9494F800C2AED5 /* quotelycodebase */,
				3E548BB12D9494F800C2AED5 /* .xcode.env.local */,
				3E548BB22D9494F800C2AED5 /* Podfile.properties.json */,
				3E548BB32D9494F800C2AED5 /* quotelycodebase.xcworkspace */,
				3E548BB42D9494F800C2AED5 /* .xcode.env */,
				3E54B12F2D94950000C2AED5 /* .gitignore */,
				3E54B1302D94950000C2AED5 /* link-assets-manifest.json */,
				3E54B1312D94950000C2AED5 /* quotelycodebase.xcodeproj */,
				3E54B1342D94950000C2AED5 /* Podfile */,
				3E54B1352D94950000C2AED5 /* build */,
				3E54B19B2D94950100C2AED5 /* Podfile.lock */,
			);
			name = ios;
			sourceTree = "<group>";
		};
		3E548BA52D9494F800C2AED5 /* quotelycodebase */ = {
			isa = PBXGroup;
			children = (
				3E548BA62D9494F800C2AED5 /* AppDelegate.h */,
				3E548BA72D9494F800C2AED5 /* SplashScreen.storyboard */,
				3E548BA82D9494F800C2AED5 /* quotelycodebase-Bridging-Header.h */,
				3E548BA92D9494F800C2AED5 /* main.m */,
				3E548BAA2D9494F800C2AED5 /* noop-file.swift */,
				3E548BAB2D9494F800C2AED5 /* PrivacyInfo.xcprivacy */,
				3E548BAC2D9494F800C2AED5 /* Images.xcassets */,
				3E548BAD2D9494F800C2AED5 /* AppDelegate.mm */,
				3E548BAE2D9494F800C2AED5 /* Supporting */,
				3E548BB02D9494F800C2AED5 /* Info.plist */,
			);
			path = quotelycodebase;
			sourceTree = "<group>";
		};
		3E548BAE2D9494F800C2AED5 /* Supporting */ = {
			isa = PBXGroup;
			children = (
				3E548BAF2D9494F800C2AED5 /* Expo.plist */,
			);
			path = Supporting;
			sourceTree = "<group>";
		};
		3E54B1322D94950000C2AED5 /* Products */ = {
			isa = PBXGroup;
			children = (
			);
			name = Products;
			sourceTree = "<group>";
		};
		3E54B1352D94950000C2AED5 /* build */ = {
			isa = PBXGroup;
			children = (
				3E54B1362D94950100C2AED5 /* generated */,
			);
			path = build;
			sourceTree = "<group>";
		};
		3E54B1362D94950100C2AED5 /* generated */ = {
			isa = PBXGroup;
			children = (
				3E54B1372D94950100C2AED5 /* ios */,
			);
			path = generated;
			sourceTree = "<group>";
		};
		3E54B1372D94950100C2AED5 /* ios */ = {
			isa = PBXGroup;
			children = (
				3E54B1382D94950100C2AED5 /* safeareacontext */,
				3E54B1402D94950100C2AED5 /* RCTModulesConformingToProtocolsProvider.mm */,
				3E54B1442D94950100C2AED5 /* expo-media-library */,
				3E54B1472D94950100C2AED5 /* RNGoogleMobileAdsSpecJSI.h */,
				3E54B1482D94950100C2AED5 /* safeareacontextJSI-generated.cpp */,
				3E54B1492D94950100C2AED5 /* safeareacontextJSI.h */,
				3E54B14A2D94950100C2AED5 /* rnasyncstorage */,
				3E54B14D2D94950100C2AED5 /* expo-media-libraryJSI.h */,
				3E54B14E2D94950100C2AED5 /* RNGoogleMobileAdsSpec */,
				3E54B1512D94950100C2AED5 /* rnscreensJSI.h */,
				3E54B1522D94950100C2AED5 /* rnviewshotJSI-generated.cpp */,
				3E54B1532D94950100C2AED5 /* rnasyncstorageJSI.h */,
				3E54B1552D94950100C2AED5 /* RNGoogleMobileAdsSpecJSI-generated.cpp */,
				3E54B1562D94950100C2AED5 /* expo-media-libraryJSI-generated.cpp */,
				3E54B1572D94950100C2AED5 /* FBReactNativeSpec */,
				3E54B15A2D94950100C2AED5 /* rnviewshotJSI.h */,
				3E54B15B2D94950100C2AED5 /* rnscreensJSI-generated.cpp */,
				3E54B15C2D94950100C2AED5 /* FBReactNativeSpecJSI.h */,
				3E54B15D2D94950100C2AED5 /* ReactCodegen.podspec.json */,
				3E54B15E2D94950100C2AED5 /* rnscreens */,
				3E54B1622D94950100C2AED5 /* FBReactNativeSpecJSI-generated.cpp */,
				3E54B1632D94950100C2AED5 /* rnviewshot */,
				3E54B1662D94950100C2AED5 /* RCTModulesConformingToProtocolsProvider.h */,
				3E54B1672D94950100C2AED5 /* rnasyncstorageJSI-generated.cpp */,
				3E54B1682D94950100C2AED5 /* react */,
			);
			path = ios;
			sourceTree = "<group>";
		};
		3E54B1382D94950100C2AED5 /* safeareacontext */ = {
			isa = PBXGroup;
			children = (
				3E54B1392D94950100C2AED5 /* safeareacontext.h */,
				3E54B13A2D94950100C2AED5 /* safeareacontext-generated.mm */,
			);
			path = safeareacontext;
			sourceTree = "<group>";
		};
		3E54B1442D94950100C2AED5 /* expo-media-library */ = {
			isa = PBXGroup;
			children = (
				3E54B1452D94950100C2AED5 /* expo-media-library.h */,
				3E54B1462D94950100C2AED5 /* expo-media-library-generated.mm */,
			);
			path = "expo-media-library";
			sourceTree = "<group>";
		};
		3E54B14A2D94950100C2AED5 /* rnasyncstorage */ = {
			isa = PBXGroup;
			children = (
				3E54B14B2D94950100C2AED5 /* rnasyncstorage.h */,
				3E54B14C2D94950100C2AED5 /* rnasyncstorage-generated.mm */,
			);
			path = rnasyncstorage;
			sourceTree = "<group>";
		};
		3E54B14E2D94950100C2AED5 /* RNGoogleMobileAdsSpec */ = {
			isa = PBXGroup;
			children = (
				3E54B14F2D94950100C2AED5 /* RNGoogleMobileAdsSpec-generated.mm */,
				3E54B1502D94950100C2AED5 /* RNGoogleMobileAdsSpec.h */,
			);
			path = RNGoogleMobileAdsSpec;
			sourceTree = "<group>";
		};
		3E54B1572D94950100C2AED5 /* FBReactNativeSpec */ = {
			isa = PBXGroup;
			children = (
				3E54B1582D94950100C2AED5 /* FBReactNativeSpec.h */,
				3E54B1592D94950100C2AED5 /* FBReactNativeSpec-generated.mm */,
			);
			path = FBReactNativeSpec;
			sourceTree = "<group>";
		};
		3E54B15E2D94950100C2AED5 /* rnscreens */ = {
			isa = PBXGroup;
			children = (
				3E54B15F2D94950100C2AED5 /* rnscreens-generated.mm */,
				3E54B1602D94950100C2AED5 /* rnscreens.h */,
			);
			path = rnscreens;
			sourceTree = "<group>";
		};
		3E54B1632D94950100C2AED5 /* rnviewshot */ = {
			isa = PBXGroup;
			children = (
				3E54B1642D94950100C2AED5 /* rnviewshot-generated.mm */,
				3E54B1652D94950100C2AED5 /* rnviewshot.h */,
			);
			path = rnviewshot;
			sourceTree = "<group>";
		};
		3E54B1682D94950100C2AED5 /* react */ = {
			isa = PBXGroup;
			children = (
				3E54B1692D94950100C2AED5 /* renderer */,
			);
			path = react;
			sourceTree = "<group>";
		};
		3E54B1692D94950100C2AED5 /* renderer */ = {
			isa = PBXGroup;
			children = (
				3E54B16A2D94950100C2AED5 /* components */,
			);
			path = renderer;
			sourceTree = "<group>";
		};
		3E54B16A2D94950100C2AED5 /* components */ = {
			isa = PBXGroup;
			children = (
				3E54B16B2D94950100C2AED5 /* safeareacontext */,
				3E54B1772D94950100C2AED5 /* RNDateTimePickerCGen */,
				3E54B1832D94950100C2AED5 /* RNGoogleMobileAdsSpec */,
				3E54B18F2D94950100C2AED5 /* rnscreens */,
			);
			path = components;
			sourceTree = "<group>";
		};
		3E54B16B2D94950100C2AED5 /* safeareacontext */ = {
			isa = PBXGroup;
			children = (
				3E54B16C2D94950100C2AED5 /* ShadowNodes.cpp */,
				3E54B16D2D94950100C2AED5 /* Props.h */,
				3E54B16E2D94950100C2AED5 /* Props.cpp */,
				3E54B16F2D94950100C2AED5 /* ComponentDescriptors.h */,
				3E54B1702D94950100C2AED5 /* ComponentDescriptors.cpp */,
				3E54B1712D94950100C2AED5 /* ShadowNodes.h */,
				3E54B1722D94950100C2AED5 /* EventEmitters.h */,
				3E54B1732D94950100C2AED5 /* States.h */,
				3E54B1742D94950100C2AED5 /* EventEmitters.cpp */,
				3E54B1752D94950100C2AED5 /* States.cpp */,
				3E54B1762D94950100C2AED5 /* RCTComponentViewHelpers.h */,
			);
			path = safeareacontext;
			sourceTree = "<group>";
		};
		3E54B1772D94950100C2AED5 /* RNDateTimePickerCGen */ = {
			isa = PBXGroup;
			children = (
				3E54B1782D94950100C2AED5 /* ShadowNodes.cpp */,
				3E54B1792D94950100C2AED5 /* Props.h */,
				3E54B17A2D94950100C2AED5 /* Props.cpp */,
				3E54B17B2D94950100C2AED5 /* ComponentDescriptors.h */,
				3E54B17C2D94950100C2AED5 /* ComponentDescriptors.cpp */,
				3E54B17D2D94950100C2AED5 /* ShadowNodes.h */,
				3E54B17E2D94950100C2AED5 /* EventEmitters.h */,
				3E54B17F2D94950100C2AED5 /* States.h */,
				3E54B1802D94950100C2AED5 /* EventEmitters.cpp */,
				3E54B1812D94950100C2AED5 /* States.cpp */,
				3E54B1822D94950100C2AED5 /* RCTComponentViewHelpers.h */,
			);
			path = RNDateTimePickerCGen;
			sourceTree = "<group>";
		};
		3E54B1832D94950100C2AED5 /* RNGoogleMobileAdsSpec */ = {
			isa = PBXGroup;
			children = (
				3E54B1842D94950100C2AED5 /* ShadowNodes.cpp */,
				3E54B1852D94950100C2AED5 /* Props.h */,
				3E54B1862D94950100C2AED5 /* Props.cpp */,
				3E54B1872D94950100C2AED5 /* ComponentDescriptors.h */,
				3E54B1882D94950100C2AED5 /* ComponentDescriptors.cpp */,
				3E54B1892D94950100C2AED5 /* ShadowNodes.h */,
				3E54B18A2D94950100C2AED5 /* EventEmitters.h */,
				3E54B18B2D94950100C2AED5 /* States.h */,
				3E54B18C2D94950100C2AED5 /* EventEmitters.cpp */,
				3E54B18D2D94950100C2AED5 /* States.cpp */,
				3E54B18E2D94950100C2AED5 /* RCTComponentViewHelpers.h */,
			);
			path = RNGoogleMobileAdsSpec;
			sourceTree = "<group>";
		};
		3E54B18F2D94950100C2AED5 /* rnscreens */ = {
			isa = PBXGroup;
			children = (
				3E54B1902D94950100C2AED5 /* ShadowNodes.cpp */,
				3E54B1912D94950100C2AED5 /* Props.h */,
				3E54B1922D94950100C2AED5 /* Props.cpp */,
				3E54B1932D94950100C2AED5 /* ComponentDescriptors.h */,
				3E54B1942D94950100C2AED5 /* ComponentDescriptors.cpp */,
				3E54B1952D94950100C2AED5 /* ShadowNodes.h */,
				3E54B1962D94950100C2AED5 /* EventEmitters.h */,
				3E54B1972D94950100C2AED5 /* States.h */,
				3E54B1982D94950100C2AED5 /* EventEmitters.cpp */,
				3E54B1992D94950100C2AED5 /* States.cpp */,
				3E54B19A2D94950100C2AED5 /* RCTComponentViewHelpers.h */,
			);
			path = rnscreens;
			sourceTree = "<group>";
		};
		832341AE1AAA6A7D00B99B32 /* Libraries */ = {
			isa = PBXGroup;
			children = (
			);
			name = Libraries;
			sourceTree = "<group>";
		};
		83CBB9F61A601CBA00E9B192 = {
			isa = PBXGroup;
			children = (
				3E548BA42D9494F800C2AED5 /* ios */,
				13B07FAE1A68108700A75B9A /* quotelycodebase */,
				832341AE1AAA6A7D00B99B32 /* Libraries */,
				83CBBA001A601CBA00E9B192 /* Products */,
				2D16E6871FA4F8E400B85C8A /* Frameworks */,
				D65327D7A22EEC0BE12398D9 /* Pods */,
				D7E4C46ADA2E9064B798F356 /* ExpoModulesProviders */,
			);
			indentWidth = 2;
			sourceTree = "<group>";
			tabWidth = 2;
			usesTabs = 0;
		};
		83CBBA001A601CBA00E9B192 /* Products */ = {
			isa = PBXGroup;
			children = (
				13B07F961A680F5B00A75B9A /* quotelycodebase.app */,
			);
			name = Products;
			sourceTree = "<group>";
		};
		92DBD88DE9BF7D494EA9DA96 /* quotelycodebase */ = {
			isa = PBXGroup;
			children = (
				FAC715A2D49A985799AEE119 /* ExpoModulesProvider.swift */,
			);
			name = quotelycodebase;
			sourceTree = "<group>";
		};
		BB2F792B24A3F905000567C9 /* Supporting */ = {
			isa = PBXGroup;
			children = (
				BB2F792C24A3F905000567C9 /* Expo.plist */,
			);
			name = Supporting;
			path = quotelycodebase/Supporting;
			sourceTree = "<group>";
		};
		D65327D7A22EEC0BE12398D9 /* Pods */ = {
			isa = PBXGroup;
			children = (
				6C2E3173556A471DD304B334 /* Pods-quotelycodebase.debug.xcconfig */,
				7A4D352CD337FB3A3BF06240 /* Pods-quotelycodebase.release.xcconfig */,
			);
			path = Pods;
			sourceTree = "<group>";
		};
		D7E4C46ADA2E9064B798F356 /* ExpoModulesProviders */ = {
			isa = PBXGroup;
			children = (
				92DBD88DE9BF7D494EA9DA96 /* quotelycodebase */,
			);
			name = ExpoModulesProviders;
			sourceTree = "<group>";
		};
/* End PBXGroup section */

/* Begin PBXNativeTarget section */
		13B07F861A680F5B00A75B9A /* quotelycodebase */ = {
			isa = PBXNativeTarget;
			buildConfigurationList = 13B07F931A680F5B00A75B9A /* Build configuration list for PBXNativeTarget "quotelycodebase" */;
			buildPhases = (
				08A4A3CD28434E44B6B9DE2E /* [CP] Check Pods Manifest.lock */,
				4E6FC307BD10891D738E8FCF /* [Expo] Configure project */,
				13B07F871A680F5B00A75B9A /* Sources */,
				13B07F8C1A680F5B00A75B9A /* Frameworks */,
				00DD1BFF1BD5951E006B06BC /* Bundle React Native code and images */,
				800E24972A6A228C8D4807E9 /* [CP] Copy Pods Resources */,
				099878F964F7C3270F4F67C2 /* [CP] Embed Pods Frameworks */,
				9D2BE6C3A1DB7657FDD5FCEA /* [CP-User] [RNGoogleMobileAds] Configuration */,
				3E54B6432D949DE300C2AED5 /* Copy Bundle Resources */,
				6934FF8E2072C3C4C029BFA9 /* Resources */,
			);
			buildRules = (
			);
			dependencies = (
			);
			name = quotelycodebase;
			productName = quotelycodebase;
			productReference = 13B07F961A680F5B00A75B9A /* quotelycodebase.app */;
			productType = "com.apple.product-type.application";
		};
/* End PBXNativeTarget section */

/* Begin PBXProject section */
		83CBB9F71A601CBA00E9B192 /* Project object */ = {
			isa = PBXProject;
			attributes = {
				BuildIndependentTargetsInParallel = YES;
				LastUpgradeCheck = 1520;
				TargetAttributes = {
					13B07F861A680F5B00A75B9A = {
						LastSwiftMigration = 1250;
					};
				};
			};
			buildConfigurationList = 83CBB9FA1A601CBA00E9B192 /* Build configuration list for PBXProject "quotelycodebase" */;
			compatibilityVersion = "Xcode 3.2";
			developmentRegion = en;
			hasScannedForEncodings = 0;
			knownRegions = (
				en,
				Base,
			);
			mainGroup = 83CBB9F61A601CBA00E9B192;
			productRefGroup = 83CBBA001A601CBA00E9B192 /* Products */;
			projectDirPath = "";
			projectReferences = (
				{
					ProductGroup = 3E54B1322D94950000C2AED5 /* Products */;
					ProjectRef = 3E54B1312D94950000C2AED5 /* quotelycodebase.xcodeproj */;
				},
			);
			projectRoot = "";
			targets = (
				13B07F861A680F5B00A75B9A /* quotelycodebase */,
			);
		};
/* End PBXProject section */

/* Begin PBXResourcesBuildPhase section */
		6934FF8E2072C3C4C029BFA9 /* Resources */ = {
			isa = PBXResourcesBuildPhase;
			buildActionMask = 2147483647;
			files = (
				D83558C8F74DD32ECCFEF631 /* PrivacyInfo.xcprivacy in Resources */,
			);
			runOnlyForDeploymentPostprocessing = 0;
		};
/* End PBXResourcesBuildPhase section */

/* Begin PBXShellScriptBuildPhase section */
		00DD1BFF1BD5951E006B06BC /* Bundle React Native code and images */ = {
			isa = PBXShellScriptBuildPhase;
			alwaysOutOfDate = 1;
			buildActionMask = 2147483647;
			files = (
			);
			inputPaths = (
			);
			name = "Bundle React Native code and images";
			outputPaths = (
			);
			runOnlyForDeploymentPostprocessing = 0;
			shellPath = /bin/sh;
			shellScript = "if [[ -f \"$PODS_ROOT/../.xcode.env\" ]]; then\n  source \"$PODS_ROOT/../.xcode.env\"\nfi\nif [[ -f \"$PODS_ROOT/../.xcode.env.local\" ]]; then\n  source \"$PODS_ROOT/../.xcode.env.local\"\nfi\n\n# The project root by default is one level up from the ios directory\nexport PROJECT_ROOT=\"$PROJECT_DIR\"/..\n\nif [[ \"$CONFIGURATION\" = *Debug* ]]; then\n  export SKIP_BUNDLING=1\nfi\nif [[ -z \"$ENTRY_FILE\" ]]; then\n  # Set the entry JS file using the bundler's entry resolution.\n  export ENTRY_FILE=\"$(\"$NODE_BINARY\" -e \"require('expo/scripts/resolveAppEntry')\" \"$PROJECT_ROOT\" ios absolute | tail -n 1)\"\nfi\n\nif [[ -z \"$CLI_PATH\" ]]; then\n  # Use Expo CLI\n  export CLI_PATH=\"$(\"$NODE_BINARY\" --print \"require.resolve('@expo/cli', { paths: [require.resolve('expo/package.json')] })\")\"\nfi\nif [[ -z \"$BUNDLE_COMMAND\" ]]; then\n  # Default Expo CLI command for bundling\n  export BUNDLE_COMMAND=\"export:embed\"\nfi\n\n# Source .xcode.env.updates if it exists to allow\n# SKIP_BUNDLING to be unset if needed\nif [[ -f \"$PODS_ROOT/../.xcode.env.updates\" ]]; then\n  source \"$PODS_ROOT/../.xcode.env.updates\"\nfi\n# Source local changes to allow overrides\n# if needed\nif [[ -f \"$PODS_ROOT/../.xcode.env.local\" ]]; then\n  source \"$PODS_ROOT/../.xcode.env.local\"\nfi\n\n`\"$NODE_BINARY\" --print \"require('path').dirname(require.resolve('react-native/package.json')) + '/scripts/react-native-xcode.sh'\"`\n\n";
		};
		08A4A3CD28434E44B6B9DE2E /* [CP] Check Pods Manifest.lock */ = {
			isa = PBXShellScriptBuildPhase;
			buildActionMask = 2147483647;
			files = (
			);
			inputFileListPaths = (
			);
			inputPaths = (
				"${PODS_PODFILE_DIR_PATH}/Podfile.lock",
				"${PODS_ROOT}/Manifest.lock",
			);
			name = "[CP] Check Pods Manifest.lock";
			outputFileListPaths = (
			);
			outputPaths = (
				"$(DERIVED_FILE_DIR)/Pods-quotelycodebase-checkManifestLockResult.txt",
			);
			runOnlyForDeploymentPostprocessing = 0;
			shellPath = /bin/sh;
			shellScript = "diff \"${PODS_PODFILE_DIR_PATH}/Podfile.lock\" \"${PODS_ROOT}/Manifest.lock\" > /dev/null\nif [ $? != 0 ] ; then\n    # print error to STDERR\n    echo \"error: The sandbox is not in sync with the Podfile.lock. Run 'pod install' or update your CocoaPods installation.\" >&2\n    exit 1\nfi\n# This output is used by Xcode 'outputs' to avoid re-running this script phase.\necho \"SUCCESS\" > \"${SCRIPT_OUTPUT_FILE_0}\"\n";
			showEnvVarsInLog = 0;
		};
		099878F964F7C3270F4F67C2 /* [CP] Embed Pods Frameworks */ = {
			isa = PBXShellScriptBuildPhase;
			buildActionMask = 2147483647;
			files = (
			);
			inputPaths = (
				"${PODS_ROOT}/Target Support Files/Pods-quotelycodebase/Pods-quotelycodebase-frameworks.sh",
				"${PODS_XCFRAMEWORKS_BUILD_DIR}/hermes-engine/Pre-built/hermes.framework/hermes",
			);
			name = "[CP] Embed Pods Frameworks";
			outputPaths = (
				"${TARGET_BUILD_DIR}/${FRAMEWORKS_FOLDER_PATH}/hermes.framework",
			);
			runOnlyForDeploymentPostprocessing = 0;
			shellPath = /bin/sh;
			shellScript = "\"${PODS_ROOT}/Target Support Files/Pods-quotelycodebase/Pods-quotelycodebase-frameworks.sh\"\n";
			showEnvVarsInLog = 0;
		};
		4E6FC307BD10891D738E8FCF /* [Expo] Configure project */ = {
			isa = PBXShellScriptBuildPhase;
			alwaysOutOfDate = 1;
			buildActionMask = 2147483647;
			files = (
			);
			inputFileListPaths = (
			);
			inputPaths = (
			);
			name = "[Expo] Configure project";
			outputFileListPaths = (
			);
			outputPaths = (
			);
			runOnlyForDeploymentPostprocessing = 0;
			shellPath = /bin/sh;
			shellScript = "# This script configures Expo modules and generates the modules provider file.\nbash -l -c \"./Pods/Target\\ Support\\ Files/Pods-quotelycodebase/expo-configure-project.sh\"\n";
		};
		800E24972A6A228C8D4807E9 /* [CP] Copy Pods Resources */ = {
			isa = PBXShellScriptBuildPhase;
			buildActionMask = 2147483647;
			files = (
			);
			inputPaths = (
				"${PODS_ROOT}/Target Support Files/Pods-quotelycodebase/Pods-quotelycodebase-resources.sh",
				"${PODS_CONFIGURATION_BUILD_DIR}/EXConstants/EXConstants.bundle",
				"${PODS_CONFIGURATION_BUILD_DIR}/EXConstants/ExpoConstants_privacy.bundle",
				"${PODS_CONFIGURATION_BUILD_DIR}/ExpoDevice/ExpoDevice_privacy.bundle",
				"${PODS_CONFIGURATION_BUILD_DIR}/ExpoFileSystem/ExpoFileSystem_privacy.bundle",
				"${PODS_CONFIGURATION_BUILD_DIR}/ExpoMediaLibrary/ExpoMediaLibrary_privacy.bundle",
				"${PODS_CONFIGURATION_BUILD_DIR}/Google-Mobile-Ads-SDK/GoogleMobileAdsResources.bundle",
				"${PODS_CONFIGURATION_BUILD_DIR}/GoogleUserMessagingPlatform/UserMessagingPlatformResources.bundle",
				"${PODS_CONFIGURATION_BUILD_DIR}/RCT-Folly/RCT-Folly_privacy.bundle",
				"${PODS_CONFIGURATION_BUILD_DIR}/RNCAsyncStorage/RNCAsyncStorage_resources.bundle",
				"${PODS_CONFIGURATION_BUILD_DIR}/React-Core/React-Core_privacy.bundle",
				"${PODS_CONFIGURATION_BUILD_DIR}/React-cxxreact/React-cxxreact_privacy.bundle",
				"${PODS_CONFIGURATION_BUILD_DIR}/boost/boost_privacy.bundle",
				"${PODS_CONFIGURATION_BUILD_DIR}/glog/glog_privacy.bundle",
				"${PODS_CONFIGURATION_BUILD_DIR}/react-native-image-filter-kit/bundle.bundle",
			);
			name = "[CP] Copy Pods Resources";
			outputPaths = (
				"${TARGET_BUILD_DIR}/${UNLOCALIZED_RESOURCES_FOLDER_PATH}/EXConstants.bundle",
				"${TARGET_BUILD_DIR}/${UNLOCALIZED_RESOURCES_FOLDER_PATH}/ExpoConstants_privacy.bundle",
				"${TARGET_BUILD_DIR}/${UNLOCALIZED_RESOURCES_FOLDER_PATH}/ExpoDevice_privacy.bundle",
				"${TARGET_BUILD_DIR}/${UNLOCALIZED_RESOURCES_FOLDER_PATH}/ExpoFileSystem_privacy.bundle",
				"${TARGET_BUILD_DIR}/${UNLOCALIZED_RESOURCES_FOLDER_PATH}/ExpoMediaLibrary_privacy.bundle",
				"${TARGET_BUILD_DIR}/${UNLOCALIZED_RESOURCES_FOLDER_PATH}/GoogleMobileAdsResources.bundle",
				"${TARGET_BUILD_DIR}/${UNLOCALIZED_RESOURCES_FOLDER_PATH}/UserMessagingPlatformResources.bundle",
				"${TARGET_BUILD_DIR}/${UNLOCALIZED_RESOURCES_FOLDER_PATH}/RCT-Folly_privacy.bundle",
				"${TARGET_BUILD_DIR}/${UNLOCALIZED_RESOURCES_FOLDER_PATH}/RNCAsyncStorage_resources.bundle",
				"${TARGET_BUILD_DIR}/${UNLOCALIZED_RESOURCES_FOLDER_PATH}/React-Core_privacy.bundle",
				"${TARGET_BUILD_DIR}/${UNLOCALIZED_RESOURCES_FOLDER_PATH}/React-cxxreact_privacy.bundle",
				"${TARGET_BUILD_DIR}/${UNLOCALIZED_RESOURCES_FOLDER_PATH}/boost_privacy.bundle",
				"${TARGET_BUILD_DIR}/${UNLOCALIZED_RESOURCES_FOLDER_PATH}/glog_privacy.bundle",
				"${TARGET_BUILD_DIR}/${UNLOCALIZED_RESOURCES_FOLDER_PATH}/bundle.bundle",
			);
			runOnlyForDeploymentPostprocessing = 0;
			shellPath = /bin/sh;
			shellScript = "\"${PODS_ROOT}/Target Support Files/Pods-quotelycodebase/Pods-quotelycodebase-resources.sh\"\n";
			showEnvVarsInLog = 0;
		};
		9D2BE6C3A1DB7657FDD5FCEA /* [CP-User] [RNGoogleMobileAds] Configuration */ = {
			isa = PBXShellScriptBuildPhase;
			buildActionMask = 2147483647;
			files = (
			);
			inputPaths = (
				"$(BUILT_PRODUCTS_DIR)/$(INFOPLIST_PATH)",
			);
			name = "[CP-User] [RNGoogleMobileAds] Configuration";
			runOnlyForDeploymentPostprocessing = 0;
			shellPath = /bin/sh;
			shellScript = "#!/usr/bin/env bash\n#\n# Copyright (c) 2016-present Invertase Limited & Contributors\n#\n# Licensed under the Apache License, Version 2.0 (the \"License\");\n# you may not use this library except in compliance with the License.\n# You may obtain a copy of the License at\n#\n#   http://www.apache.org/licenses/LICENSE-2.0\n#\n# Unless required by applicable law or agreed to in writing, software\n# distributed under the License is distributed on an \"AS IS\" BASIS,\n# WITHOUT WARRANTIES OR CONDITIONS OF ANY KIND, either express or implied.\n# See the License for the specific language governing permissions and\n# limitations under the License.\n#\n\n##########################################################################\n##########################################################################\n#\n#  NOTE THAT IF YOU CHANGE THIS FILE YOU MUST RUN pod install AFTERWARDS\n#\n#  This file is installed as an Xcode build script in the project file\n#  by cocoapods, and you will not see your changes until you pod install\n#\n##########################################################################\n##########################################################################\n\nset -e\n\n_MAX_LOOKUPS=2;\n_SEARCH_RESULT=''\n_RN_ROOT_EXISTS=''\n_CURRENT_LOOKUPS=1\n_PROJECT_ABBREVIATION=\"RNGoogleMobileAds\"\n_JSON_ROOT=\"'react-native-google-mobile-ads'\"\n_JSON_FILE_NAME='app.json'\n_JSON_OUTPUT_BASE64='e30=' # { }\n_CURRENT_SEARCH_DIR=${PROJECT_DIR}\n_PLIST_BUDDY=/usr/libexec/PlistBuddy\n_TARGET_PLIST=\"${BUILT_PRODUCTS_DIR}/${INFOPLIST_PATH}\"\n_DSYM_PLIST=\"${DWARF_DSYM_FOLDER_PATH}/${DWARF_DSYM_FILE_NAME}/Contents/Info.plist\"\n_PACKAGE_JSON_NAME='package.json'\n\n# plist arrays\n_PLIST_ENTRY_KEYS=()\n_PLIST_ENTRY_TYPES=()\n_PLIST_ENTRY_VALUES=()\n\nfunction setPlistValue {\n  echo \"info:      setting plist entry '$1' of type '$2' in file '$4'\"\n  ${_PLIST_BUDDY} -c \"Add :$1 $2 '$3'\" $4 || echo \"info:      '$1' already exists\"\n}\n\nfunction getJsonKeyValue () {\n  if [[ ${_RN_ROOT_EXISTS} ]]; then\n    ruby -KU -e \"require 'rubygems';require 'json'; output=JSON.parse('$1'); puts output[$_JSON_ROOT]['$2']\"\n  else\n    echo \"\"\n  fi;\n}\n\nfunction jsonBoolToYesNo () {\n  if [[ $1 == \"false\" ]]; then\n    echo \"NO\"\n  elif [[ $1 == \"true\" ]]; then\n    echo \"YES\"\n  else echo \"NO\"\n  fi\n}\n\necho \"info: -> ${_PROJECT_ABBREVIATION} build script started\"\necho \"info: 1) Locating ${_JSON_FILE_NAME} file:\"\n\nif [[ -z ${_CURRENT_SEARCH_DIR} ]]; then\n  _CURRENT_SEARCH_DIR=$(pwd)\nfi;\n\nwhile true; do\n  _CURRENT_SEARCH_DIR=$(dirname \"$_CURRENT_SEARCH_DIR\")\n  if [[ \"$_CURRENT_SEARCH_DIR\" == \"/\" ]] || [[ ${_CURRENT_LOOKUPS} -gt ${_MAX_LOOKUPS} ]]; then break; fi;\n  echo \"info:      ($_CURRENT_LOOKUPS of $_MAX_LOOKUPS) Searching in '$_CURRENT_SEARCH_DIR' for a ${_JSON_FILE_NAME} file.\"\n  _SEARCH_RESULT=$(find \"$_CURRENT_SEARCH_DIR\" -maxdepth 2 -name ${_JSON_FILE_NAME} -print | /usr/bin/head -n 1)\n  if [[ ${_SEARCH_RESULT} ]]; then\n    echo \"info:      ${_JSON_FILE_NAME} found at $_SEARCH_RESULT\"\n    break;\n  fi;\n  _CURRENT_LOOKUPS=$((_CURRENT_LOOKUPS+1))\ndone\n\nif [[ ${_SEARCH_RESULT} ]]; then\n  _JSON_OUTPUT_RAW=$(cat \"${_SEARCH_RESULT}\")\n  _RN_ROOT_EXISTS=$(ruby -KU -e \"require 'rubygems';require 'json'; output=JSON.parse('$_JSON_OUTPUT_RAW'); puts output[$_JSON_ROOT]\" || echo '')\n\n  if [[ ${_RN_ROOT_EXISTS} ]]; then\n    if ! python3 --version >/dev/null 2>&1; then echo \"python3 not found, app.json file processing error.\" && exit 1; fi\n    _JSON_OUTPUT_BASE64=$(python3 -c 'import json,sys,base64;print(base64.b64encode(bytes(json.dumps(json.loads(open('\"'${_SEARCH_RESULT}'\"', '\"'rb'\"').read())['${_JSON_ROOT}']), '\"'utf-8'\"')).decode())' || echo \"e30=\")\n  fi\n\n  _PLIST_ENTRY_KEYS+=(\"google_mobile_ads_json_raw\")\n  _PLIST_ENTRY_TYPES+=(\"string\")\n  _PLIST_ENTRY_VALUES+=(\"$_JSON_OUTPUT_BASE64\")\n\n  # config.delay_app_measurement_init\n  _DELAY_APP_MEASUREMENT=$(getJsonKeyValue \"$_JSON_OUTPUT_RAW\" \"delay_app_measurement_init\")\n  if [[ $_DELAY_APP_MEASUREMENT == \"true\" ]]; then\n    _PLIST_ENTRY_KEYS+=(\"GADDelayAppMeasurementInit\")\n    _PLIST_ENTRY_TYPES+=(\"bool\")\n    _PLIST_ENTRY_VALUES+=(\"YES\")\n  fi\n\n  # config.ios_app_id\n  _IOS_APP_ID=$(getJsonKeyValue \"$_JSON_OUTPUT_RAW\" \"ios_app_id\")\n  if [[ $_IOS_APP_ID ]]; then\n    _PLIST_ENTRY_KEYS+=(\"GADApplicationIdentifier\")\n    _PLIST_ENTRY_TYPES+=(\"string\")\n    _PLIST_ENTRY_VALUES+=(\"$_IOS_APP_ID\")\n  fi\n\n  # config.sk_ad_network_items\n  _SK_AD_NETWORK_ITEMS=$(getJsonKeyValue \"$_JSON_OUTPUT_RAW\" \"sk_ad_network_items\")\n  if [[ $_SK_AD_NETWORK_ITEMS ]]; then\n    _PLIST_ENTRY_KEYS+=(\"SKAdNetworkItems\")\n    _PLIST_ENTRY_TYPES+=(\"array\")\n    _PLIST_ENTRY_VALUES+=(\"\")\n\n    oldifs=$IFS\n    IFS=\"\n\"\n    array=($(echo \"$_SK_AD_NETWORK_ITEMS\"))\n    IFS=$oldifs\n    for i in \"${!array[@]}\"; do\n      _PLIST_ENTRY_KEYS+=(\"SKAdNetworkItems:$i:SKAdNetworkIdentifier\")\n      _PLIST_ENTRY_TYPES+=(\"string\")\n      _PLIST_ENTRY_VALUES+=(\"${array[i]}\")  \n    done\n  fi\n\n    # config.user_tracking_usage_description\n  _USER_TRACKING_USAGE_DESCRIPTION=$(getJsonKeyValue \"$_JSON_OUTPUT_RAW\" \"user_tracking_usage_description\")\n  if [[ $_USER_TRACKING_USAGE_DESCRIPTION ]]; then\n    _PLIST_ENTRY_KEYS+=(\"NSUserTrackingUsageDescription\")\n    _PLIST_ENTRY_TYPES+=(\"string\")\n    _PLIST_ENTRY_VALUES+=(\"$_USER_TRACKING_USAGE_DESCRIPTION\")\n  fi\nelse\n  _PLIST_ENTRY_KEYS+=(\"google_mobile_ads_json_raw\")\n  _PLIST_ENTRY_TYPES+=(\"string\")\n  _PLIST_ENTRY_VALUES+=(\"$_JSON_OUTPUT_BASE64\")\n  echo \"warning:   A ${_JSON_FILE_NAME} file was not found, whilst this file is optional it is recommended to include it to auto-configure services.\"\nfi;\n\necho \"info: 2) Injecting Info.plist entries: \"\n\n# Log out the keys we're adding\nfor i in \"${!_PLIST_ENTRY_KEYS[@]}\"; do\n  echo \"    ->  $i) ${_PLIST_ENTRY_KEYS[$i]}\" \"${_PLIST_ENTRY_TYPES[$i]}\" \"${_PLIST_ENTRY_VALUES[$i]}\"\ndone\n\nif ! [[ -f \"${_TARGET_PLIST}\" ]]; then\n  echo \"error: unable to locate Info.plist to set properties. App will crash without GADApplicationIdentifier set.\"\n  exit 1\nfi\n\nif ! [[ $_IOS_APP_ID ]]; then\n  echo \"warning: ios_app_id key not found in react-native-google-mobile-ads key in app.json. App will crash without it.\"\n  echo \"         You can safely ignore this warning if you are using our Expo config plugin.\"\n  exit 0\nfi\n\nfor plist in \"${_TARGET_PLIST}\" \"${_DSYM_PLIST}\" ; do\n  if [[ -f \"${plist}\" ]]; then\n\n    # paths with spaces break the call to setPlistValue. temporarily modify\n    # the shell internal field separator variable (IFS), which normally\n    # includes spaces, to consist only of line breaks\n    oldifs=$IFS\n    IFS=\"\n\"\n\n    for i in \"${!_PLIST_ENTRY_KEYS[@]}\"; do\n      setPlistValue \"${_PLIST_ENTRY_KEYS[$i]}\" \"${_PLIST_ENTRY_TYPES[$i]}\" \"${_PLIST_ENTRY_VALUES[$i]}\" \"${plist}\"\n    done\n\n    # restore the original internal field separator value\n    IFS=$oldifs\n  else\n    echo \"warning:   A Info.plist build output file was not found (${plist})\"\n  fi\ndone\n\necho \"info: <- ${_PROJECT_ABBREVIATION} build script finished\"\n";
		};
/* End PBXShellScriptBuildPhase section */

/* Begin PBXSourcesBuildPhase section */
		13B07F871A680F5B00A75B9A /* Sources */ = {
			isa = PBXSourcesBuildPhase;
			buildActionMask = 2147483647;
			files = (
				3E54B4C92D94950300C2AED5 /* RCTModulesConformingToProtocolsProvider.mm in Sources */,
				13B07FC11A68108700A75B9A /* main.m in Sources */,
				3E54B2CB2D94950100C2AED5 /* AppDelegate.mm in Sources */,
				B18059E884C0ABDD17F3DC3D /* ExpoModulesProvider.swift in Sources */,
				581E24C51678455683F9192F /* noop-file.swift in Sources */,
			);
			runOnlyForDeploymentPostprocessing = 0;
		};
/* End PBXSourcesBuildPhase section */

/* Begin XCBuildConfiguration section */
		13B07F941A680F5B00A75B9A /* Debug */ = {
			isa = XCBuildConfiguration;
			baseConfigurationReference = 6C2E3173556A471DD304B334 /* Pods-quotelycodebase.debug.xcconfig */;
			buildSettings = {
				ASSETCATALOG_COMPILER_APPICON_NAME = AppIcon;
				CLANG_ENABLE_MODULES = YES;
				CODE_SIGN_ENTITLEMENTS = quotelycodebase/quotelycodebase.entitlements;
				CURRENT_PROJECT_VERSION = 1;
				DEVELOPMENT_TEAM = 3LWZJ3B25L;
				ENABLE_BITCODE = NO;
				FRAMEWORK_SEARCH_PATHS = (
					"$(PROJECT_DIR)/Pods/hermes-engine/destroot/Library/Frameworks/macosx",
					"$(inherited)",
				);
				GCC_PREPROCESSOR_DEFINITIONS = (
					"$(inherited)",
					"FB_SONARKIT_ENABLED=1",
				);
				INFOPLIST_FILE = quotelycodebase/Info.plist;
				IPHONEOS_DEPLOYMENT_TARGET = 15.1;
				LD_RUNPATH_SEARCH_PATHS = (
					"$(inherited)",
					"@executable_path/Frameworks",
				);
				MARKETING_VERSION = 1.0;
				OTHER_LDFLAGS = (
					"$(inherited)",
					"-ObjC",
					"-lc++",
				);
				OTHER_SWIFT_FLAGS = "$(inherited) -D EXPO_CONFIGURATION_DEBUG";
				PRODUCT_BUNDLE_IDENTIFIER = com.anonymous.quotelycodebase;
				PRODUCT_NAME = quotelycodebase;
				SUPPORTED_PLATFORMS = "iphoneos iphonesimulator";
				SUPPORTS_MACCATALYST = NO;
				SUPPORTS_MAC_DESIGNED_FOR_IPHONE_IPAD = NO;
				SUPPORTS_XR_DESIGNED_FOR_IPHONE_IPAD = NO;
				SWIFT_OBJC_BRIDGING_HEADER = "quotelycodebase/quotelycodebase-Bridging-Header.h";
				SWIFT_OPTIMIZATION_LEVEL = "-Onone";
				SWIFT_VERSION = 5.0;
				TARGETED_DEVICE_FAMILY = 1;
				VERSIONING_SYSTEM = "apple-generic";
			};
			name = Debug;
		};
		13B07F951A680F5B00A75B9A /* Release */ = {
			isa = XCBuildConfiguration;
			baseConfigurationReference = 7A4D352CD337FB3A3BF06240 /* Pods-quotelycodebase.release.xcconfig */;
			buildSettings = {
				ASSETCATALOG_COMPILER_APPICON_NAME = AppIcon;
				CLANG_ENABLE_MODULES = YES;
				CODE_SIGN_ENTITLEMENTS = quotelycodebase/quotelycodebase.entitlements;
				CURRENT_PROJECT_VERSION = 1;
				DEVELOPMENT_TEAM = 3LWZJ3B25L;
				FRAMEWORK_SEARCH_PATHS = (
					"$(PROJECT_DIR)/Pods/hermes-engine/destroot/Library/Frameworks/macosx",
					"$(inherited)",
				);
				INFOPLIST_FILE = quotelycodebase/Info.plist;
				IPHONEOS_DEPLOYMENT_TARGET = 15.1;
				LD_RUNPATH_SEARCH_PATHS = (
					"$(inherited)",
					"@executable_path/Frameworks",
				);
				MARKETING_VERSION = 1.0;
				OTHER_LDFLAGS = (
					"$(inherited)",
					"-ObjC",
					"-lc++",
				);
				OTHER_SWIFT_FLAGS = "$(inherited) -D EXPO_CONFIGURATION_RELEASE";
				PRODUCT_BUNDLE_IDENTIFIER = com.anonymous.quotelycodebase;
				PRODUCT_NAME = quotelycodebase;
				SUPPORTED_PLATFORMS = "iphoneos iphonesimulator";
				SUPPORTS_MACCATALYST = NO;
				SUPPORTS_MAC_DESIGNED_FOR_IPHONE_IPAD = NO;
				SUPPORTS_XR_DESIGNED_FOR_IPHONE_IPAD = NO;
				SWIFT_OBJC_BRIDGING_HEADER = "quotelycodebase/quotelycodebase-Bridging-Header.h";
				SWIFT_VERSION = 5.0;
				TARGETED_DEVICE_FAMILY = 1;
				VERSIONING_SYSTEM = "apple-generic";
			};
			name = Release;
		};
		83CBBA201A601CBA00E9B192 /* Debug */ = {
			isa = XCBuildConfiguration;
			buildSettings = {
				ALWAYS_SEARCH_USER_PATHS = NO;
				CLANG_ANALYZER_LOCALIZABILITY_NONLOCALIZED = YES;
				CLANG_CXX_LANGUAGE_STANDARD = "c++20";
				CLANG_CXX_LIBRARY = "libc++";
				CLANG_ENABLE_MODULES = YES;
				CLANG_ENABLE_OBJC_ARC = YES;
				CLANG_WARN_BLOCK_CAPTURE_AUTORELEASING = YES;
				CLANG_WARN_BOOL_CONVERSION = YES;
				CLANG_WARN_COMMA = YES;
				CLANG_WARN_CONSTANT_CONVERSION = YES;
				CLANG_WARN_DEPRECATED_OBJC_IMPLEMENTATIONS = YES;
				CLANG_WARN_DIRECT_OBJC_ISA_USAGE = YES_ERROR;
				CLANG_WARN_EMPTY_BODY = YES;
				CLANG_WARN_ENUM_CONVERSION = YES;
				CLANG_WARN_INFINITE_RECURSION = YES;
				CLANG_WARN_INT_CONVERSION = YES;
				CLANG_WARN_NON_LITERAL_NULL_CONVERSION = YES;
				CLANG_WARN_OBJC_IMPLICIT_RETAIN_SELF = YES;
				CLANG_WARN_OBJC_LITERAL_CONVERSION = YES;
				CLANG_WARN_OBJC_ROOT_CLASS = YES_ERROR;
				CLANG_WARN_QUOTED_INCLUDE_IN_FRAMEWORK_HEADER = YES;
				CLANG_WARN_RANGE_LOOP_ANALYSIS = YES;
				CLANG_WARN_STRICT_PROTOTYPES = YES;
				CLANG_WARN_SUSPICIOUS_MOVE = YES;
				CLANG_WARN_UNREACHABLE_CODE = YES;
				CLANG_WARN__DUPLICATE_METHOD_MATCH = YES;
				"CODE_SIGN_IDENTITY[sdk=iphoneos*]" = "iPhone Developer";
				COPY_PHASE_STRIP = NO;
				ENABLE_STRICT_OBJC_MSGSEND = YES;
				ENABLE_TESTABILITY = YES;
				ENABLE_USER_SCRIPT_SANDBOXING = NO;
				GCC_C_LANGUAGE_STANDARD = gnu99;
				GCC_DYNAMIC_NO_PIC = NO;
				GCC_NO_COMMON_BLOCKS = YES;
				GCC_OPTIMIZATION_LEVEL = 0;
				GCC_PREPROCESSOR_DEFINITIONS = (
					"DEBUG=1",
					"$(inherited)",
				);
				GCC_SYMBOLS_PRIVATE_EXTERN = NO;
				GCC_WARN_64_TO_32_BIT_CONVERSION = YES;
				GCC_WARN_ABOUT_RETURN_TYPE = YES_ERROR;
				GCC_WARN_UNDECLARED_SELECTOR = YES;
				GCC_WARN_UNINITIALIZED_AUTOS = YES_AGGRESSIVE;
				GCC_WARN_UNUSED_FUNCTION = YES;
				GCC_WARN_UNUSED_VARIABLE = YES;
				IPHONEOS_DEPLOYMENT_TARGET = 15.1;
				LD_RUNPATH_SEARCH_PATHS = (
					/usr/lib/swift,
					"$(inherited)",
				);
				LIBRARY_SEARCH_PATHS = "$(SDKROOT)/usr/lib/swift\"$(inherited)\"";
				MTL_ENABLE_DEBUG_INFO = YES;
				ONLY_ACTIVE_ARCH = YES;
				OTHER_LDFLAGS = (
					"$(inherited)",
					" ",
				);
				REACT_NATIVE_PATH = "${PODS_ROOT}/../../node_modules/react-native";
				SDKROOT = iphoneos;
				SWIFT_ACTIVE_COMPILATION_CONDITIONS = "$(inherited) DEBUG";
				USE_HERMES = true;
			};
			name = Debug;
		};
		83CBBA211A601CBA00E9B192 /* Release */ = {
			isa = XCBuildConfiguration;
			buildSettings = {
				ALWAYS_SEARCH_USER_PATHS = NO;
				CLANG_ANALYZER_LOCALIZABILITY_NONLOCALIZED = YES;
				CLANG_CXX_LANGUAGE_STANDARD = "c++20";
				CLANG_CXX_LIBRARY = "libc++";
				CLANG_ENABLE_MODULES = YES;
				CLANG_ENABLE_OBJC_ARC = YES;
				CLANG_WARN_BLOCK_CAPTURE_AUTORELEASING = YES;
				CLANG_WARN_BOOL_CONVERSION = YES;
				CLANG_WARN_COMMA = YES;
				CLANG_WARN_CONSTANT_CONVERSION = YES;
				CLANG_WARN_DEPRECATED_OBJC_IMPLEMENTATIONS = YES;
				CLANG_WARN_DIRECT_OBJC_ISA_USAGE = YES_ERROR;
				CLANG_WARN_EMPTY_BODY = YES;
				CLANG_WARN_ENUM_CONVERSION = YES;
				CLANG_WARN_INFINITE_RECURSION = YES;
				CLANG_WARN_INT_CONVERSION = YES;
				CLANG_WARN_NON_LITERAL_NULL_CONVERSION = YES;
				CLANG_WARN_OBJC_IMPLICIT_RETAIN_SELF = YES;
				CLANG_WARN_OBJC_LITERAL_CONVERSION = YES;
				CLANG_WARN_OBJC_ROOT_CLASS = YES_ERROR;
				CLANG_WARN_QUOTED_INCLUDE_IN_FRAMEWORK_HEADER = YES;
				CLANG_WARN_RANGE_LOOP_ANALYSIS = YES;
				CLANG_WARN_STRICT_PROTOTYPES = YES;
				CLANG_WARN_SUSPICIOUS_MOVE = YES;
				CLANG_WARN_UNREACHABLE_CODE = YES;
				CLANG_WARN__DUPLICATE_METHOD_MATCH = YES;
				"CODE_SIGN_IDENTITY[sdk=iphoneos*]" = "iPhone Developer";
				COPY_PHASE_STRIP = YES;
				ENABLE_NS_ASSERTIONS = NO;
				ENABLE_STRICT_OBJC_MSGSEND = YES;
				ENABLE_USER_SCRIPT_SANDBOXING = NO;
				GCC_C_LANGUAGE_STANDARD = gnu99;
				GCC_NO_COMMON_BLOCKS = YES;
				GCC_WARN_64_TO_32_BIT_CONVERSION = YES;
				GCC_WARN_ABOUT_RETURN_TYPE = YES_ERROR;
				GCC_WARN_UNDECLARED_SELECTOR = YES;
				GCC_WARN_UNINITIALIZED_AUTOS = YES_AGGRESSIVE;
				GCC_WARN_UNUSED_FUNCTION = YES;
				GCC_WARN_UNUSED_VARIABLE = YES;
				IPHONEOS_DEPLOYMENT_TARGET = 15.1;
				LD_RUNPATH_SEARCH_PATHS = (
					/usr/lib/swift,
					"$(inherited)",
				);
				LIBRARY_SEARCH_PATHS = "$(SDKROOT)/usr/lib/swift\"$(inherited)\"";
				MTL_ENABLE_DEBUG_INFO = NO;
				OTHER_LDFLAGS = (
					"$(inherited)",
					" ",
				);
				REACT_NATIVE_PATH = "${PODS_ROOT}/../../node_modules/react-native";
				SDKROOT = iphoneos;
				SWIFT_COMPILATION_MODE = wholemodule;
				USE_HERMES = true;
				VALIDATE_PRODUCT = YES;
			};
			name = Release;
		};
/* End XCBuildConfiguration section */

/* Begin XCConfigurationList section */
		13B07F931A680F5B00A75B9A /* Build configuration list for PBXNativeTarget "quotelycodebase" */ = {
			isa = XCConfigurationList;
			buildConfigurations = (
				13B07F941A680F5B00A75B9A /* Debug */,
				13B07F951A680F5B00A75B9A /* Release */,
			);
			defaultConfigurationIsVisible = 0;
			defaultConfigurationName = Release;
		};
		83CBB9FA1A601CBA00E9B192 /* Build configuration list for PBXProject "quotelycodebase" */ = {
			isa = XCConfigurationList;
			buildConfigurations = (
				83CBBA201A601CBA00E9B192 /* Debug */,
				83CBBA211A601CBA00E9B192 /* Release */,
			);
			defaultConfigurationIsVisible = 0;
			defaultConfigurationName = Release;
		};
/* End XCConfigurationList section */
	};
	rootObject = 83CBB9F71A601CBA00E9B192 /* Project object */;
}
